
Microsoft Visual Studio Solution File, Format Version 12.00
# Visual Studio 15
VisualStudioVersion = 15.0.26730.3
MinimumVisualStudioVersion = 10.0.40219.1
Project("{FAE04EC0-301F-11D3-BF4B-00C04F79EFBC}") = "PizzaStore.Data", "PizzaStore.Data\PizzaStore.Data.csproj", "{526C08D4-0D86-4C8C-BC69-E1F12273E429}"
EndProject
Project("{FAE04EC0-301F-11D3-BF4B-00C04F79EFBC}") = "PizzaStore.Web", "PizzaStore.Web\PizzaStore.Web.csproj", "{E1ACF590-43A6-452F-BD25-36443A0F8F6D}"
EndProject
Global
	GlobalSection(SolutionConfigurationPlatforms) = preSolution
		Debug|Any CPU = Debug|Any CPU
		Release|Any CPU = Release|Any CPU
	EndGlobalSection
	GlobalSection(ProjectConfigurationPlatforms) = postSolution
		{526C08D4-0D86-4C8C-BC69-E1F12273E429}.Debug|Any CPU.ActiveCfg = Debug|Any CPU
		{526C08D4-0D86-4C8C-BC69-E1F12273E429}.Debug|Any CPU.Build.0 = Debug|Any CPU
		{526C08D4-0D86-4C8C-BC69-E1F12273E429}.Release|Any CPU.ActiveCfg = Release|Any CPU
		{526C08D4-0D86-4C8C-BC69-E1F12273E429}.Release|Any CPU.Build.0 = Release|Any CPU
		{E1ACF590-43A6-452F-BD25-36443A0F8F6D}.Debug|Any CPU.ActiveCfg = Debug|Any CPU
		{E1ACF590-43A6-452F-BD25-36443A0F8F6D}.Debug|Any CPU.Build.0 = Debug|Any CPU
		{E1ACF590-43A6-452F-BD25-36443A0F8F6D}.Release|Any CPU.ActiveCfg = Release|Any CPU
		{E1ACF590-43A6-452F-BD25-36443A0F8F6D}.Release|Any CPU.Build.0 = Release|Any CPU
	EndGlobalSection
	GlobalSection(SolutionProperties) = preSolution
		HideSolutionNode = FALSE
	EndGlobalSection
	GlobalSection(ExtensibilityGlobals) = postSolution
		SolutionGuid = {3D50E03C-377D-4DEE-A373-DA2A74F0F0B5}
	EndGlobalSection
EndGlobal
